PODS:
  - Nimble (8.0.2)
  - Quick (2.1.0)

DEPENDENCIES:
  - Nimble
  - Quick

SPEC REPOS:
  https://github.com/CocoaPods/Specs.git:
    - Nimble
    - Quick

SPEC CHECKSUMS:
  Nimble: 622629381bda1dd5678162f21f1368cec7cbba60
  Quick: 4be43f6634acfa727dd106bdf3929ce125ffa79d

PODFILE CHECKSUM: 6e9acbf2a5b98356c7915e0c7a0a71fb3b3da2a7

COCOAPODS: 1.8.4
